// !$*UTF8*$!
{
	archiveVersion = 1;
	classes = {
	};
	objectVersion = 46;
	objects = {

/* Begin PBXBuildFile section */
		AFE0A9831DEB587E00438CD7 /* WIZHierarchyViewController.swift in Sources */ = {isa = PBXBuildFile; fileRef = AFE0A9821DEB587E00438CD7 /* WIZHierarchyViewController.swift */; };
		AFE0A9861DEB58B100438CD7 /* WIZHierarchyViewModel.swift in Sources */ = {isa = PBXBuildFile; fileRef = AFE0A9851DEB58B100438CD7 /* WIZHierarchyViewModel.swift */; };
		AFE0A9881DEB595000438CD7 /* WIZCodePresentationViewController.swift in Sources */ = {isa = PBXBuildFile; fileRef = AFE0A9871DEB595000438CD7 /* WIZCodePresentationViewController.swift */; };
		AFE0A98A1DEB596D00438CD7 /* WIZCodePresentationViewModel.swift in Sources */ = {isa = PBXBuildFile; fileRef = AFE0A9891DEB596D00438CD7 /* WIZCodePresentationViewModel.swift */; };
		AFEC78FA1DEA2E0F0021F991 /* WIZProjectHierarchyModel.swift in Sources */ = {isa = PBXBuildFile; fileRef = AFEC78F91DEA2E0F0021F991 /* WIZProjectHierarchyModel.swift */; };
		AFEC78FD1DEA31C90021F991 /* WIZProjectHierarchyDirectoryInfo.swift in Sources */ = {isa = PBXBuildFile; fileRef = AFEC78FC1DEA31C90021F991 /* WIZProjectHierarchyDirectoryInfo.swift */; };
		AFF666BA1DE9E72100BF28E4 /* AppDelegate.swift in Sources */ = {isa = PBXBuildFile; fileRef = AFF666B91DE9E72100BF28E4 /* AppDelegate.swift */; };
		AFF666BE1DE9E72100BF28E4 /* Assets.xcassets in Resources */ = {isa = PBXBuildFile; fileRef = AFF666BD1DE9E72100BF28E4 /* Assets.xcassets */; };
		AFF666C11DE9E72100BF28E4 /* Main.storyboard in Resources */ = {isa = PBXBuildFile; fileRef = AFF666BF1DE9E72100BF28E4 /* Main.storyboard */; };
		AFF666C91DE9E81600BF28E4 /* WIZSearchViewController.swift in Sources */ = {isa = PBXBuildFile; fileRef = AFF666C81DE9E81600BF28E4 /* WIZSearchViewController.swift */; };
		AFF666CB1DE9EB7300BF28E4 /* WIZSearchViewModel.swift in Sources */ = {isa = PBXBuildFile; fileRef = AFF666CA1DE9EB7300BF28E4 /* WIZSearchViewModel.swift */; };
		AFF666CD1DE9EB9100BF28E4 /* WIZMainViewController.swift in Sources */ = {isa = PBXBuildFile; fileRef = AFF666CC1DE9EB9100BF28E4 /* WIZMainViewController.swift */; };
		AFF666CF1DE9EBA400BF28E4 /* WIZMainVeiwModel.swift in Sources */ = {isa = PBXBuildFile; fileRef = AFF666CE1DE9EBA400BF28E4 /* WIZMainVeiwModel.swift */; };
		C6E4FEC67AD6C85B81D7C298 /* Pods_Wizard.framework in Frameworks */ = {isa = PBXBuildFile; fileRef = 6380071847B6C3AF2DAD272A /* Pods_Wizard.framework */; };
/* End PBXBuildFile section */

/* Begin PBXFileReference section */
		1AE2C6EBDA577AF72F6961FD /* Pods-Wizard.release.xcconfig */ = {isa = PBXFileReference; includeInIndex = 1; lastKnownFileType = text.xcconfig; name = "Pods-Wizard.release.xcconfig"; path = "Pods/Target Support Files/Pods-Wizard/Pods-Wizard.release.xcconfig"; sourceTree = "<group>"; };
		1F9779C742794E9B7BA91CD7 /* Pods-Wizard.debug.xcconfig */ = {isa = PBXFileReference; includeInIndex = 1; lastKnownFileType = text.xcconfig; name = "Pods-Wizard.debug.xcconfig"; path = "Pods/Target Support Files/Pods-Wizard/Pods-Wizard.debug.xcconfig"; sourceTree = "<group>"; };
		6380071847B6C3AF2DAD272A /* Pods_Wizard.framework */ = {isa = PBXFileReference; explicitFileType = wrapper.framework; includeInIndex = 0; path = Pods_Wizard.framework; sourceTree = BUILT_PRODUCTS_DIR; };
		AFE0A9821DEB587E00438CD7 /* WIZHierarchyViewController.swift */ = {isa = PBXFileReference; fileEncoding = 4; lastKnownFileType = sourcecode.swift; path = WIZHierarchyViewController.swift; sourceTree = "<group>"; };
		AFE0A9851DEB58B100438CD7 /* WIZHierarchyViewModel.swift */ = {isa = PBXFileReference; fileEncoding = 4; lastKnownFileType = sourcecode.swift; name = WIZHierarchyViewModel.swift; path = Assets.xcassets/WIZHierarchyViewModel.swift; sourceTree = "<group>"; };
		AFE0A9871DEB595000438CD7 /* WIZCodePresentationViewController.swift */ = {isa = PBXFileReference; fileEncoding = 4; lastKnownFileType = sourcecode.swift; path = WIZCodePresentationViewController.swift; sourceTree = "<group>"; };
		AFE0A9891DEB596D00438CD7 /* WIZCodePresentationViewModel.swift */ = {isa = PBXFileReference; fileEncoding = 4; lastKnownFileType = sourcecode.swift; path = WIZCodePresentationViewModel.swift; sourceTree = "<group>"; };
		AFEC78F91DEA2E0F0021F991 /* WIZProjectHierarchyModel.swift */ = {isa = PBXFileReference; fileEncoding = 4; lastKnownFileType = sourcecode.swift; path = WIZProjectHierarchyModel.swift; sourceTree = "<group>"; };
		AFEC78FC1DEA31C90021F991 /* WIZProjectHierarchyDirectoryInfo.swift */ = {isa = PBXFileReference; fileEncoding = 4; lastKnownFileType = sourcecode.swift; path = WIZProjectHierarchyDirectoryInfo.swift; sourceTree = "<group>"; };
		AFF666B61DE9E72100BF28E4 /* Wizard.app */ = {isa = PBXFileReference; explicitFileType = wrapper.application; includeInIndex = 0; path = Wizard.app; sourceTree = BUILT_PRODUCTS_DIR; };
		AFF666B91DE9E72100BF28E4 /* AppDelegate.swift */ = {isa = PBXFileReference; lastKnownFileType = sourcecode.swift; path = AppDelegate.swift; sourceTree = "<group>"; };
		AFF666BD1DE9E72100BF28E4 /* Assets.xcassets */ = {isa = PBXFileReference; lastKnownFileType = folder.assetcatalog; path = Assets.xcassets; sourceTree = "<group>"; };
		AFF666C01DE9E72100BF28E4 /* Base */ = {isa = PBXFileReference; lastKnownFileType = file.storyboard; name = Base; path = Base.lproj/Main.storyboard; sourceTree = "<group>"; };
		AFF666C21DE9E72100BF28E4 /* Info.plist */ = {isa = PBXFileReference; lastKnownFileType = text.plist.xml; path = Info.plist; sourceTree = "<group>"; };
		AFF666C81DE9E81600BF28E4 /* WIZSearchViewController.swift */ = {isa = PBXFileReference; fileEncoding = 4; lastKnownFileType = sourcecode.swift; path = WIZSearchViewController.swift; sourceTree = "<group>"; };
		AFF666CA1DE9EB7300BF28E4 /* WIZSearchViewModel.swift */ = {isa = PBXFileReference; fileEncoding = 4; lastKnownFileType = sourcecode.swift; path = WIZSearchViewModel.swift; sourceTree = "<group>"; };
		AFF666CC1DE9EB9100BF28E4 /* WIZMainViewController.swift */ = {isa = PBXFileReference; fileEncoding = 4; lastKnownFileType = sourcecode.swift; path = WIZMainViewController.swift; sourceTree = "<group>"; };
		AFF666CE1DE9EBA400BF28E4 /* WIZMainVeiwModel.swift */ = {isa = PBXFileReference; fileEncoding = 4; lastKnownFileType = sourcecode.swift; path = WIZMainVeiwModel.swift; sourceTree = "<group>"; };
/* End PBXFileReference section */

/* Begin PBXFrameworksBuildPhase section */
		AFF666B31DE9E72000BF28E4 /* Frameworks */ = {
			isa = PBXFrameworksBuildPhase;
			buildActionMask = 2147483647;
			files = (
				C6E4FEC67AD6C85B81D7C298 /* Pods_Wizard.framework in Frameworks */,
			);
			runOnlyForDeploymentPostprocessing = 0;
		};
/* End PBXFrameworksBuildPhase section */

/* Begin PBXGroup section */
		97E32AAA032B440E58BC7D9F /* Frameworks */ = {
			isa = PBXGroup;
			children = (
				6380071847B6C3AF2DAD272A /* Pods_Wizard.framework */,
			);
			name = Frameworks;
			sourceTree = "<group>";
		};
		AFE0A9841DEB588900438CD7 /* UI */ = {
			isa = PBXGroup;
			children = (
				AFE0A98E1DEB598C00438CD7 /* Search */,
				AFE0A98D1DEB598700438CD7 /* Main */,
				AFE0A98C1DEB597C00438CD7 /* Hierarchy */,
				AFE0A98B1DEB597200438CD7 /* Code Presentation */,
			);
			name = UI;
			sourceTree = "<group>";
		};
		AFE0A98B1DEB597200438CD7 /* Code Presentation */ = {
			isa = PBXGroup;
			children = (
				AFE0A9871DEB595000438CD7 /* WIZCodePresentationViewController.swift */,
				AFE0A9891DEB596D00438CD7 /* WIZCodePresentationViewModel.swift */,
			);
			name = "Code Presentation";
			sourceTree = "<group>";
		};
		AFE0A98C1DEB597C00438CD7 /* Hierarchy */ = {
			isa = PBXGroup;
			children = (
				AFE0A9821DEB587E00438CD7 /* WIZHierarchyViewController.swift */,
				AFE0A9851DEB58B100438CD7 /* WIZHierarchyViewModel.swift */,
			);
			name = Hierarchy;
			sourceTree = "<group>";
		};
		AFE0A98D1DEB598700438CD7 /* Main */ = {
			isa = PBXGroup;
			children = (
				AFF666CC1DE9EB9100BF28E4 /* WIZMainViewController.swift */,
				AFF666CE1DE9EBA400BF28E4 /* WIZMainVeiwModel.swift */,
			);
			name = Main;
			sourceTree = "<group>";
		};
		AFE0A98E1DEB598C00438CD7 /* Search */ = {
			isa = PBXGroup;
			children = (
				AFF666C81DE9E81600BF28E4 /* WIZSearchViewController.swift */,
				AFF666CA1DE9EB7300BF28E4 /* WIZSearchViewModel.swift */,
			);
			name = Search;
			sourceTree = "<group>";
		};
		AFEC78FB1DEA2E180021F991 /* Models */ = {
			isa = PBXGroup;
			children = (
				AFEC78F91DEA2E0F0021F991 /* WIZProjectHierarchyModel.swift */,
				AFEC78FC1DEA31C90021F991 /* WIZProjectHierarchyDirectoryInfo.swift */,
			);
			name = Models;
			sourceTree = "<group>";
		};
		AFF666AD1DE9E72000BF28E4 = {
			isa = PBXGroup;
			children = (
				AFF666B81DE9E72100BF28E4 /* Wizard */,
				AFF666B71DE9E72100BF28E4 /* Products */,
				ED3947DD45F0E47CFBD35AC4 /* Pods */,
				97E32AAA032B440E58BC7D9F /* Frameworks */,
			);
			indentWidth = 2;
			sourceTree = "<group>";
			tabWidth = 2;
			usesTabs = 0;
		};
		AFF666B71DE9E72100BF28E4 /* Products */ = {
			isa = PBXGroup;
			children = (
				AFF666B61DE9E72100BF28E4 /* Wizard.app */,
			);
			name = Products;
			sourceTree = "<group>";
		};
		AFF666B81DE9E72100BF28E4 /* Wizard */ = {
			isa = PBXGroup;
			children = (
				AFF666B91DE9E72100BF28E4 /* AppDelegate.swift */,
				AFE0A9841DEB588900438CD7 /* UI */,
				AFEC78FB1DEA2E180021F991 /* Models */,
				AFF666BD1DE9E72100BF28E4 /* Assets.xcassets */,
				AFF666BF1DE9E72100BF28E4 /* Main.storyboard */,
				AFF666C21DE9E72100BF28E4 /* Info.plist */,
			);
			path = Wizard;
			sourceTree = "<group>";
		};
		ED3947DD45F0E47CFBD35AC4 /* Pods */ = {
			isa = PBXGroup;
			children = (
				1F9779C742794E9B7BA91CD7 /* Pods-Wizard.debug.xcconfig */,
				1AE2C6EBDA577AF72F6961FD /* Pods-Wizard.release.xcconfig */,
			);
			name = Pods;
			sourceTree = "<group>";
		};
/* End PBXGroup section */

/* Begin PBXNativeTarget section */
		AFF666B51DE9E72000BF28E4 /* Wizard */ = {
			isa = PBXNativeTarget;
			buildConfigurationList = AFF666C51DE9E72100BF28E4 /* Build configuration list for PBXNativeTarget "Wizard" */;
			buildPhases = (
				266D29FCFFDC55D2C2BCC8D4 /* [CP] Check Pods Manifest.lock */,
				AFF666B21DE9E72000BF28E4 /* Sources */,
				AFF666B31DE9E72000BF28E4 /* Frameworks */,
				AFF666B41DE9E72000BF28E4 /* Resources */,
				CAFA02165542E40BF779353C /* [CP] Embed Pods Frameworks */,
				E0122A3A64BB44CAA206A2C7 /* [CP] Copy Pods Resources */,
			);
			buildRules = (
			);
			dependencies = (
			);
			name = Wizard;
			productName = Wizard;
			productReference = AFF666B61DE9E72100BF28E4 /* Wizard.app */;
			productType = "com.apple.product-type.application";
		};
/* End PBXNativeTarget section */

/* Begin PBXProject section */
		AFF666AE1DE9E72000BF28E4 /* Project object */ = {
			isa = PBXProject;
			attributes = {
				LastSwiftUpdateCheck = 0810;
				LastUpgradeCheck = 0810;
				ORGANIZATIONNAME = Master;
				TargetAttributes = {
					AFF666B51DE9E72000BF28E4 = {
						CreatedOnToolsVersion = 8.1;
						ProvisioningStyle = Automatic;
					};
				};
			};
			buildConfigurationList = AFF666B11DE9E72000BF28E4 /* Build configuration list for PBXProject "Wizard" */;
			compatibilityVersion = "Xcode 3.2";
			developmentRegion = English;
			hasScannedForEncodings = 0;
			knownRegions = (
				en,
				Base,
			);
			mainGroup = AFF666AD1DE9E72000BF28E4;
			productRefGroup = AFF666B71DE9E72100BF28E4 /* Products */;
			projectDirPath = "";
			projectRoot = "";
			targets = (
				AFF666B51DE9E72000BF28E4 /* Wizard */,
			);
		};
/* End PBXProject section */

/* Begin PBXResourcesBuildPhase section */
		AFF666B41DE9E72000BF28E4 /* Resources */ = {
			isa = PBXResourcesBuildPhase;
			buildActionMask = 2147483647;
			files = (
				AFF666BE1DE9E72100BF28E4 /* Assets.xcassets in Resources */,
				AFF666C11DE9E72100BF28E4 /* Main.storyboard in Resources */,
			);
			runOnlyForDeploymentPostprocessing = 0;
		};
/* End PBXResourcesBuildPhase section */

/* Begin PBXShellScriptBuildPhase section */
		266D29FCFFDC55D2C2BCC8D4 /* [CP] Check Pods Manifest.lock */ = {
			isa = PBXShellScriptBuildPhase;
			buildActionMask = 2147483647;
			files = (
			);
			inputPaths = (
			);
			name = "[CP] Check Pods Manifest.lock";
			outputPaths = (
			);
			runOnlyForDeploymentPostprocessing = 0;
			shellPath = /bin/sh;
			shellScript = "diff \"${PODS_ROOT}/../Podfile.lock\" \"${PODS_ROOT}/Manifest.lock\" > /dev/null\nif [ $? != 0 ] ; then\n    # print error to STDERR\n    echo \"error: The sandbox is not in sync with the Podfile.lock. Run 'pod install' or update your CocoaPods installation.\" >&2\n    exit 1\nfi\n";
			showEnvVarsInLog = 0;
		};
		CAFA02165542E40BF779353C /* [CP] Embed Pods Frameworks */ = {
			isa = PBXShellScriptBuildPhase;
			buildActionMask = 2147483647;
			files = (
			);
			inputPaths = (
			);
			name = "[CP] Embed Pods Frameworks";
			outputPaths = (
			);
			runOnlyForDeploymentPostprocessing = 0;
			shellPath = /bin/sh;
			shellScript = "\"${SRCROOT}/Pods/Target Support Files/Pods-Wizard/Pods-Wizard-frameworks.sh\"\n";
			showEnvVarsInLog = 0;
		};
		E0122A3A64BB44CAA206A2C7 /* [CP] Copy Pods Resources */ = {
			isa = PBXShellScriptBuildPhase;
			buildActionMask = 2147483647;
			files = (
			);
			inputPaths = (
			);
			name = "[CP] Copy Pods Resources";
			outputPaths = (
			);
			runOnlyForDeploymentPostprocessing = 0;
			shellPath = /bin/sh;
			shellScript = "\"${SRCROOT}/Pods/Target Support Files/Pods-Wizard/Pods-Wizard-resources.sh\"\n";
			showEnvVarsInLog = 0;
		};
/* End PBXShellScriptBuildPhase section */

/* Begin PBXSourcesBuildPhase section */
		AFF666B21DE9E72000BF28E4 /* Sources */ = {
			isa = PBXSourcesBuildPhase;
			buildActionMask = 2147483647;
			files = (
				AFEC78FA1DEA2E0F0021F991 /* WIZProjectHierarchyModel.swift in Sources */,
				AFF666CD1DE9EB9100BF28E4 /* WIZMainViewController.swift in Sources */,
				AFE0A9881DEB595000438CD7 /* WIZCodePresentationViewController.swift in Sources */,
				AFF666BA1DE9E72100BF28E4 /* AppDelegate.swift in Sources */,
				AFF666C91DE9E81600BF28E4 /* WIZSearchViewController.swift in Sources */,
				AFE0A98A1DEB596D00438CD7 /* WIZCodePresentationViewModel.swift in Sources */,
				AFF666CF1DE9EBA400BF28E4 /* WIZMainVeiwModel.swift in Sources */,
				AFE0A9831DEB587E00438CD7 /* WIZHierarchyViewController.swift in Sources */,
				AFEC78FD1DEA31C90021F991 /* WIZProjectHierarchyDirectoryInfo.swift in Sources */,
				AFE0A9861DEB58B100438CD7 /* WIZHierarchyViewModel.swift in Sources */,
				AFF666CB1DE9EB7300BF28E4 /* WIZSearchViewModel.swift in Sources */,
			);
			runOnlyForDeploymentPostprocessing = 0;
		};
/* End PBXSourcesBuildPhase section */

/* Begin PBXVariantGroup section */
		AFF666BF1DE9E72100BF28E4 /* Main.storyboard */ = {
			isa = PBXVariantGroup;
			children = (
				AFF666C01DE9E72100BF28E4 /* Base */,
			);
			name = Main.storyboard;
			sourceTree = "<group>";
		};
/* End PBXVariantGroup section */

/* Begin XCBuildConfiguration section */
		AFF666C31DE9E72100BF28E4 /* Debug */ = {
			isa = XCBuildConfiguration;
			buildSettings = {
				ALWAYS_SEARCH_USER_PATHS = NO;
				CLANG_ANALYZER_NONNULL = YES;
				CLANG_CXX_LANGUAGE_STANDARD = "gnu++0x";
				CLANG_CXX_LIBRARY = "libc++";
				CLANG_ENABLE_MODULES = YES;
				CLANG_ENABLE_OBJC_ARC = YES;
				CLANG_WARN_BOOL_CONVERSION = YES;
				CLANG_WARN_CONSTANT_CONVERSION = YES;
				CLANG_WARN_DIRECT_OBJC_ISA_USAGE = YES_ERROR;
				CLANG_WARN_DOCUMENTATION_COMMENTS = YES;
				CLANG_WARN_EMPTY_BODY = YES;
				CLANG_WARN_ENUM_CONVERSION = YES;
				CLANG_WARN_INFINITE_RECURSION = YES;
				CLANG_WARN_INT_CONVERSION = YES;
				CLANG_WARN_OBJC_ROOT_CLASS = YES_ERROR;
				CLANG_WARN_SUSPICIOUS_MOVES = YES;
				CLANG_WARN_UNREACHABLE_CODE = YES;
				CLANG_WARN__DUPLICATE_METHOD_MATCH = YES;
				CODE_SIGN_IDENTITY = "-";
				COPY_PHASE_STRIP = NO;
				DEBUG_INFORMATION_FORMAT = dwarf;
				ENABLE_STRICT_OBJC_MSGSEND = YES;
				ENABLE_TESTABILITY = YES;
				GCC_C_LANGUAGE_STANDARD = gnu99;
				GCC_DYNAMIC_NO_PIC = NO;
				GCC_NO_COMMON_BLOCKS = YES;
				GCC_OPTIMIZATION_LEVEL = 0;
				GCC_PREPROCESSOR_DEFINITIONS = (
					"DEBUG=1",
					"$(inherited)",
				);
				GCC_WARN_64_TO_32_BIT_CONVERSION = YES;
				GCC_WARN_ABOUT_RETURN_TYPE = YES_ERROR;
				GCC_WARN_UNDECLARED_SELECTOR = YES;
				GCC_WARN_UNINITIALIZED_AUTOS = YES_AGGRESSIVE;
				GCC_WARN_UNUSED_FUNCTION = YES;
				GCC_WARN_UNUSED_VARIABLE = YES;
				MACOSX_DEPLOYMENT_TARGET = 10.12;
				MTL_ENABLE_DEBUG_INFO = YES;
				ONLY_ACTIVE_ARCH = YES;
				SDKROOT = macosx;
				SWIFT_ACTIVE_COMPILATION_CONDITIONS = DEBUG;
				SWIFT_OPTIMIZATION_LEVEL = "-Onone";
			};
			name = Debug;
		};
		AFF666C41DE9E72100BF28E4 /* Release */ = {
			isa = XCBuildConfiguration;
			buildSettings = {
				ALWAYS_SEARCH_USER_PATHS = NO;
				CLANG_ANALYZER_NONNULL = YES;
				CLANG_CXX_LANGUAGE_STANDARD = "gnu++0x";
				CLANG_CXX_LIBRARY = "libc++";
				CLANG_ENABLE_MODULES = YES;
				CLANG_ENABLE_OBJC_ARC = YES;
				CLANG_WARN_BOOL_CONVERSION = YES;
				CLANG_WARN_CONSTANT_CONVERSION = YES;
				CLANG_WARN_DIRECT_OBJC_ISA_USAGE = YES_ERROR;
				CLANG_WARN_DOCUMENTATION_COMMENTS = YES;
				CLANG_WARN_EMPTY_BODY = YES;
				CLANG_WARN_ENUM_CONVERSION = YES;
				CLANG_WARN_INFINITE_RECURSION = YES;
				CLANG_WARN_INT_CONVERSION = YES;
				CLANG_WARN_OBJC_ROOT_CLASS = YES_ERROR;
				CLANG_WARN_SUSPICIOUS_MOVES = YES;
				CLANG_WARN_UNREACHABLE_CODE = YES;
				CLANG_WARN__DUPLICATE_METHOD_MATCH = YES;
				CODE_SIGN_IDENTITY = "-";
				COPY_PHASE_STRIP = NO;
				DEBUG_INFORMATION_FORMAT = "dwarf-with-dsym";
				ENABLE_NS_ASSERTIONS = NO;
				ENABLE_STRICT_OBJC_MSGSEND = YES;
				GCC_C_LANGUAGE_STANDARD = gnu99;
				GCC_NO_COMMON_BLOCKS = YES;
				GCC_WARN_64_TO_32_BIT_CONVERSION = YES;
				GCC_WARN_ABOUT_RETURN_TYPE = YES_ERROR;
				GCC_WARN_UNDECLARED_SELECTOR = YES;
				GCC_WARN_UNINITIALIZED_AUTOS = YES_AGGRESSIVE;
				GCC_WARN_UNUSED_FUNCTION = YES;
				GCC_WARN_UNUSED_VARIABLE = YES;
				MACOSX_DEPLOYMENT_TARGET = 10.12;
				MTL_ENABLE_DEBUG_INFO = NO;
				SDKROOT = macosx;
				SWIFT_OPTIMIZATION_LEVEL = "-Owholemodule";
			};
			name = Release;
		};
		AFF666C61DE9E72100BF28E4 /* Debug */ = {
			isa = XCBuildConfiguration;
			baseConfigurationReference = 1F9779C742794E9B7BA91CD7 /* Pods-Wizard.debug.xcconfig */;
			buildSettings = {
				ASSETCATALOG_COMPILER_APPICON_NAME = AppIcon;
				COMBINE_HIDPI_IMAGES = YES;
				INFOPLIST_FILE = Wizard/Info.plist;
				LD_RUNPATH_SEARCH_PATHS = "$(inherited) @executable_path/../Frameworks";
				PRODUCT_BUNDLE_IDENTIFIER = Master.Wizard;
				PRODUCT_NAME = "$(TARGET_NAME)";
				SWIFT_VERSION = 3.0;
			};
			name = Debug;
		};
		AFF666C71DE9E72100BF28E4 /* Release */ = {
			isa = XCBuildConfiguration;
			baseConfigurationReference = 1AE2C6EBDA577AF72F6961FD /* Pods-Wizard.release.xcconfig */;
			buildSettings = {
				ASSETCATALOG_COMPILER_APPICON_NAME = AppIcon;
				COMBINE_HIDPI_IMAGES = YES;
				INFOPLIST_FILE = Wizard/Info.plist;
				LD_RUNPATH_SEARCH_PATHS = "$(inherited) @executable_path/../Frameworks";
				PRODUCT_BUNDLE_IDENTIFIER = Master.Wizard;
				PRODUCT_NAME = "$(TARGET_NAME)";
				SWIFT_VERSION = 3.0;
			};
			name = Release;
		};
/* End XCBuildConfiguration section */

/* Begin XCConfigurationList section */
		AFF666B11DE9E72000BF28E4 /* Build configuration list for PBXProject "Wizard" */ = {
			isa = XCConfigurationList;
			buildConfigurations = (
				AFF666C31DE9E72100BF28E4 /* Debug */,
				AFF666C41DE9E72100BF28E4 /* Release */,
			);
			defaultConfigurationIsVisible = 0;
			defaultConfigurationName = Release;
		};
		AFF666C51DE9E72100BF28E4 /* Build configuration list for PBXNativeTarget "Wizard" */ = {
			isa = XCConfigurationList;
			buildConfigurations = (
				AFF666C61DE9E72100BF28E4 /* Debug */,
				AFF666C71DE9E72100BF28E4 /* Release */,
			);
			defaultConfigurationIsVisible = 0;
			defaultConfigurationName = Release;
		};
/* End XCConfigurationList section */
	};
	rootObject = AFF666AE1DE9E72000BF28E4 /* Project object */;
}
